
Microsoft Visual Studio Solution File, Format Version 12.00
# Visual Studio Version 17
VisualStudioVersion = 17.6.33815.320
MinimumVisualStudioVersion = 10.0.40219.1
Project("{FAE04EC0-301F-11D3-BF4B-00C04F79EFBC}") = "YazilimGelistirmeKamp", "YazilimGelistirmeKamp\YazilimGelistirmeKamp.csproj", "{C0807A14-5087-4E46-81E5-BD8F2AA7605B}"
EndProject
Project("{FAE04EC0-301F-11D3-BF4B-00C04F79EFBC}") = "metotlar", "metotlar\metotlar.csproj", "{685C5B80-F980-434D-A796-757B739F5C5E}"
EndProject
Project("{FAE04EC0-301F-11D3-BF4B-00C04F79EFBC}") = "OOP", "OOP\OOP.csproj", "{8D351AD7-CAD4-45BA-816D-9F3376828624}"
EndProject
Project("{FAE04EC0-301F-11D3-BF4B-00C04F79EFBC}") = "Koleksiyonlar", "Koleksiyonlar\Koleksiyonlar.csproj", "{AFCA5F2D-F925-448F-BF17-AABC6D00C68C}"
EndProject
Project("{FAE04EC0-301F-11D3-BF4B-00C04F79EFBC}") = "GenericsIntro", "GenericsIntro\GenericsIntro.csproj", "{FC3FEFBD-68E1-4A94-AD08-0825E518C7A1}"
EndProject
Project("{FAE04EC0-301F-11D3-BF4B-00C04F79EFBC}") = "OOP2", "OOP2\OOP2.csproj", "{9915A1F6-9689-43D5-BCAF-7C1FF5346007}"
EndProject
Project("{FAE04EC0-301F-11D3-BF4B-00C04F79EFBC}") = "OOP3", "OOP3\OOP3.csproj", "{0688C72F-0882-426A-A453-B71538CA7764}"
EndProject
Project("{FAE04EC0-301F-11D3-BF4B-00C04F79EFBC}") = "GameProject", "GameProject\GameProject.csproj", "{45BA526B-C007-4958-94B7-756447C81951}"
EndProject
Global
	GlobalSection(SolutionConfigurationPlatforms) = preSolution
		Debug|Any CPU = Debug|Any CPU
		Release|Any CPU = Release|Any CPU
	EndGlobalSection
	GlobalSection(ProjectConfigurationPlatforms) = postSolution
		{C0807A14-5087-4E46-81E5-BD8F2AA7605B}.Debug|Any CPU.ActiveCfg = Debug|Any CPU
		{C0807A14-5087-4E46-81E5-BD8F2AA7605B}.Debug|Any CPU.Build.0 = Debug|Any CPU
		{C0807A14-5087-4E46-81E5-BD8F2AA7605B}.Release|Any CPU.ActiveCfg = Release|Any CPU
		{C0807A14-5087-4E46-81E5-BD8F2AA7605B}.Release|Any CPU.Build.0 = Release|Any CPU
		{685C5B80-F980-434D-A796-757B739F5C5E}.Debug|Any CPU.ActiveCfg = Debug|Any CPU
		{685C5B80-F980-434D-A796-757B739F5C5E}.Debug|Any CPU.Build.0 = Debug|Any CPU
		{685C5B80-F980-434D-A796-757B739F5C5E}.Release|Any CPU.ActiveCfg = Release|Any CPU
		{685C5B80-F980-434D-A796-757B739F5C5E}.Release|Any CPU.Build.0 = Release|Any CPU
		{8D351AD7-CAD4-45BA-816D-9F3376828624}.Debug|Any CPU.ActiveCfg = Debug|Any CPU
		{8D351AD7-CAD4-45BA-816D-9F3376828624}.Debug|Any CPU.Build.0 = Debug|Any CPU
		{8D351AD7-CAD4-45BA-816D-9F3376828624}.Release|Any CPU.ActiveCfg = Release|Any CPU
		{8D351AD7-CAD4-45BA-816D-9F3376828624}.Release|Any CPU.Build.0 = Release|Any CPU
		{AFCA5F2D-F925-448F-BF17-AABC6D00C68C}.Debug|Any CPU.ActiveCfg = Debug|Any CPU
		{AFCA5F2D-F925-448F-BF17-AABC6D00C68C}.Debug|Any CPU.Build.0 = Debug|Any CPU
		{AFCA5F2D-F925-448F-BF17-AABC6D00C68C}.Release|Any CPU.ActiveCfg = Release|Any CPU
		{AFCA5F2D-F925-448F-BF17-AABC6D00C68C}.Release|Any CPU.Build.0 = Release|Any CPU
		{FC3FEFBD-68E1-4A94-AD08-0825E518C7A1}.Debug|Any CPU.ActiveCfg = Debug|Any CPU
		{FC3FEFBD-68E1-4A94-AD08-0825E518C7A1}.Debug|Any CPU.Build.0 = Debug|Any CPU
		{FC3FEFBD-68E1-4A94-AD08-0825E518C7A1}.Release|Any CPU.ActiveCfg = Release|Any CPU
		{FC3FEFBD-68E1-4A94-AD08-0825E518C7A1}.Release|Any CPU.Build.0 = Release|Any CPU
		{9915A1F6-9689-43D5-BCAF-7C1FF5346007}.Debug|Any CPU.ActiveCfg = Debug|Any CPU
		{9915A1F6-9689-43D5-BCAF-7C1FF5346007}.Debug|Any CPU.Build.0 = Debug|Any CPU
		{9915A1F6-9689-43D5-BCAF-7C1FF5346007}.Release|Any CPU.ActiveCfg = Release|Any CPU
		{9915A1F6-9689-43D5-BCAF-7C1FF5346007}.Release|Any CPU.Build.0 = Release|Any CPU
		{0688C72F-0882-426A-A453-B71538CA7764}.Debug|Any CPU.ActiveCfg = Debug|Any CPU
		{0688C72F-0882-426A-A453-B71538CA7764}.Debug|Any CPU.Build.0 = Debug|Any CPU
		{0688C72F-0882-426A-A453-B71538CA7764}.Release|Any CPU.ActiveCfg = Release|Any CPU
		{0688C72F-0882-426A-A453-B71538CA7764}.Release|Any CPU.Build.0 = Release|Any CPU
		{45BA526B-C007-4958-94B7-756447C81951}.Debug|Any CPU.ActiveCfg = Debug|Any CPU
		{45BA526B-C007-4958-94B7-756447C81951}.Debug|Any CPU.Build.0 = Debug|Any CPU
		{45BA526B-C007-4958-94B7-756447C81951}.Release|Any CPU.ActiveCfg = Release|Any CPU
		{45BA526B-C007-4958-94B7-756447C81951}.Release|Any CPU.Build.0 = Release|Any CPU
	EndGlobalSection
	GlobalSection(SolutionProperties) = preSolution
		HideSolutionNode = FALSE
	EndGlobalSection
	GlobalSection(ExtensibilityGlobals) = postSolution
		SolutionGuid = {EC25A1B3-80B2-4985-8441-5D3C40860D4C}
	EndGlobalSection
EndGlobal
